
Microsoft Visual Studio Solution File, Format Version 12.00
# Visual Studio Version 17
VisualStudioVersion = 17.14.36518.9 d17.14
MinimumVisualStudioVersion = 10.0.40219.1
Project("{FAE04EC0-301F-11D3-BF4B-00C04F79EFBC}") = "Backend.Restaurant", "Backend.Restaurant\Backend.Restaurant.csproj", "{3A759C61-8B3D-4312-9F45-9E74443617FF}"
EndProject
Global
	GlobalSection(SolutionConfigurationPlatforms) = preSolution
		Debug|Any CPU = Debug|Any CPU
		Release|Any CPU = Release|Any CPU
	EndGlobalSection
	GlobalSection(ProjectConfigurationPlatforms) = postSolution
		{3A759C61-8B3D-4312-9F45-9E74443617FF}.Debug|Any CPU.ActiveCfg = Debug|Any CPU
		{3A759C61-8B3D-4312-9F45-9E74443617FF}.Debug|Any CPU.Build.0 = Debug|Any CPU
		{3A759C61-8B3D-4312-9F45-9E74443617FF}.Release|Any CPU.ActiveCfg = Release|Any CPU
		{3A759C61-8B3D-4312-9F45-9E74443617FF}.Release|Any CPU.Build.0 = Release|Any CPU
	EndGlobalSection
	GlobalSection(SolutionProperties) = preSolution
		HideSolutionNode = FALSE
	EndGlobalSection
	GlobalSection(ExtensibilityGlobals) = postSolution
		SolutionGuid = {D4D66578-3D0C-4483-A497-04914F63F8C6}
	EndGlobalSection
EndGlobal
